
Microsoft Visual Studio Solution File, Format Version 12.00
# Visual Studio Version 17
VisualStudioVersion = 17.0.31903.59
MinimumVisualStudioVersion = 10.0.40219.1
Project("{2150E333-8FDC-42A3-9474-1A3956D46DE8}") = "src", "src", "{827E0CD3-B72D-47B6-A68D-7590B98EB39B}"
EndProject
Project("{FAE04EC0-301F-11D3-BF4B-00C04F79EFBC}") = "Mastermind.Core", "src\Mastermind.Core\Mastermind.Core.csproj", "{761521EA-FCCA-42A5-BAD8-98858BFD7BB5}"
EndProject
Project("{FAE04EC0-301F-11D3-BF4B-00C04F79EFBC}") = "Mastermind.Console", "src\Mastermind.Console\Mastermind.Console.csproj", "{CF04AB5D-FD4A-411B-B4CE-D46C1F2AE44C}"
EndProject
Project("{FAE04EC0-301F-11D3-BF4B-00C04F79EFBC}") = "Mastermind.Wpf", "src\Mastermind.Wpf\Mastermind.Wpf.csproj", "{1EF86453-5789-4F71-A101-34A71A25DD03}"
EndProject
Global
	GlobalSection(SolutionConfigurationPlatforms) = preSolution
		Debug|Any CPU = Debug|Any CPU
		Debug|x64 = Debug|x64
		Debug|x86 = Debug|x86
		Release|Any CPU = Release|Any CPU
		Release|x64 = Release|x64
		Release|x86 = Release|x86
	EndGlobalSection
	GlobalSection(ProjectConfigurationPlatforms) = postSolution
		{761521EA-FCCA-42A5-BAD8-98858BFD7BB5}.Debug|Any CPU.ActiveCfg = Debug|Any CPU
		{761521EA-FCCA-42A5-BAD8-98858BFD7BB5}.Debug|Any CPU.Build.0 = Debug|Any CPU
		{761521EA-FCCA-42A5-BAD8-98858BFD7BB5}.Debug|x64.ActiveCfg = Debug|Any CPU
		{761521EA-FCCA-42A5-BAD8-98858BFD7BB5}.Debug|x64.Build.0 = Debug|Any CPU
		{761521EA-FCCA-42A5-BAD8-98858BFD7BB5}.Debug|x86.ActiveCfg = Debug|Any CPU
		{761521EA-FCCA-42A5-BAD8-98858BFD7BB5}.Debug|x86.Build.0 = Debug|Any CPU
		{761521EA-FCCA-42A5-BAD8-98858BFD7BB5}.Release|Any CPU.ActiveCfg = Release|Any CPU
		{761521EA-FCCA-42A5-BAD8-98858BFD7BB5}.Release|Any CPU.Build.0 = Release|Any CPU
		{761521EA-FCCA-42A5-BAD8-98858BFD7BB5}.Release|x64.ActiveCfg = Release|Any CPU
		{761521EA-FCCA-42A5-BAD8-98858BFD7BB5}.Release|x64.Build.0 = Release|Any CPU
		{761521EA-FCCA-42A5-BAD8-98858BFD7BB5}.Release|x86.ActiveCfg = Release|Any CPU
		{761521EA-FCCA-42A5-BAD8-98858BFD7BB5}.Release|x86.Build.0 = Release|Any CPU
		{CF04AB5D-FD4A-411B-B4CE-D46C1F2AE44C}.Debug|Any CPU.ActiveCfg = Debug|Any CPU
		{CF04AB5D-FD4A-411B-B4CE-D46C1F2AE44C}.Debug|Any CPU.Build.0 = Debug|Any CPU
		{CF04AB5D-FD4A-411B-B4CE-D46C1F2AE44C}.Debug|x64.ActiveCfg = Debug|Any CPU
		{CF04AB5D-FD4A-411B-B4CE-D46C1F2AE44C}.Debug|x64.Build.0 = Debug|Any CPU
		{CF04AB5D-FD4A-411B-B4CE-D46C1F2AE44C}.Debug|x86.ActiveCfg = Debug|Any CPU
		{CF04AB5D-FD4A-411B-B4CE-D46C1F2AE44C}.Debug|x86.Build.0 = Debug|Any CPU
		{CF04AB5D-FD4A-411B-B4CE-D46C1F2AE44C}.Release|Any CPU.ActiveCfg = Release|Any CPU
		{CF04AB5D-FD4A-411B-B4CE-D46C1F2AE44C}.Release|Any CPU.Build.0 = Release|Any CPU
		{CF04AB5D-FD4A-411B-B4CE-D46C1F2AE44C}.Release|x64.ActiveCfg = Release|Any CPU
		{CF04AB5D-FD4A-411B-B4CE-D46C1F2AE44C}.Release|x64.Build.0 = Release|Any CPU
		{CF04AB5D-FD4A-411B-B4CE-D46C1F2AE44C}.Release|x86.ActiveCfg = Release|Any CPU
		{CF04AB5D-FD4A-411B-B4CE-D46C1F2AE44C}.Release|x86.Build.0 = Release|Any CPU
		{1EF86453-5789-4F71-A101-34A71A25DD03}.Debug|Any CPU.ActiveCfg = Debug|Any CPU
		{1EF86453-5789-4F71-A101-34A71A25DD03}.Debug|Any CPU.Build.0 = Debug|Any CPU
		{1EF86453-5789-4F71-A101-34A71A25DD03}.Debug|x64.ActiveCfg = Debug|Any CPU
		{1EF86453-5789-4F71-A101-34A71A25DD03}.Debug|x64.Build.0 = Debug|Any CPU
		{1EF86453-5789-4F71-A101-34A71A25DD03}.Debug|x86.ActiveCfg = Debug|Any CPU
		{1EF86453-5789-4F71-A101-34A71A25DD03}.Debug|x86.Build.0 = Debug|Any CPU
		{1EF86453-5789-4F71-A101-34A71A25DD03}.Release|Any CPU.ActiveCfg = Release|Any CPU
		{1EF86453-5789-4F71-A101-34A71A25DD03}.Release|Any CPU.Build.0 = Release|Any CPU
		{1EF86453-5789-4F71-A101-34A71A25DD03}.Release|x64.ActiveCfg = Release|Any CPU
		{1EF86453-5789-4F71-A101-34A71A25DD03}.Release|x64.Build.0 = Release|Any CPU
		{1EF86453-5789-4F71-A101-34A71A25DD03}.Release|x86.ActiveCfg = Release|Any CPU
		{1EF86453-5789-4F71-A101-34A71A25DD03}.Release|x86.Build.0 = Release|Any CPU
	EndGlobalSection
	GlobalSection(SolutionProperties) = preSolution
		HideSolutionNode = FALSE
	EndGlobalSection
	GlobalSection(NestedProjects) = preSolution
		{761521EA-FCCA-42A5-BAD8-98858BFD7BB5} = {827E0CD3-B72D-47B6-A68D-7590B98EB39B}
		{CF04AB5D-FD4A-411B-B4CE-D46C1F2AE44C} = {827E0CD3-B72D-47B6-A68D-7590B98EB39B}
		{1EF86453-5789-4F71-A101-34A71A25DD03} = {827E0CD3-B72D-47B6-A68D-7590B98EB39B}
	EndGlobalSection
EndGlobal
